
Microsoft Visual Studio Solution File, Format Version 12.00
# Visual Studio Version 17
VisualStudioVersion = 17.13.35931.197 d17.13
MinimumVisualStudioVersion = 10.0.40219.1
Project("{FAE04EC0-301F-11D3-BF4B-00C04F79EFBC}") = "QuanLyPassword_V1", "QuanLyPassword_V1.csproj", "{9881AEF1-7C60-49FC-80F5-0F97DEA6C782}"
EndProject
Global
	GlobalSection(SolutionConfigurationPlatforms) = preSolution
		Debug|Any CPU = Debug|Any CPU
		Release|Any CPU = Release|Any CPU
	EndGlobalSection
	GlobalSection(ProjectConfigurationPlatforms) = postSolution
		{9881AEF1-7C60-49FC-80F5-0F97DEA6C782}.Debug|Any CPU.ActiveCfg = Debug|Any CPU
		{9881AEF1-7C60-49FC-80F5-0F97DEA6C782}.Debug|Any CPU.Build.0 = Debug|Any CPU
		{9881AEF1-7C60-49FC-80F5-0F97DEA6C782}.Release|Any CPU.ActiveCfg = Release|Any CPU
		{9881AEF1-7C60-49FC-80F5-0F97DEA6C782}.Release|Any CPU.Build.0 = Release|Any CPU
	EndGlobalSection
	GlobalSection(SolutionProperties) = preSolution
		HideSolutionNode = FALSE
	EndGlobalSection
	GlobalSection(ExtensibilityGlobals) = postSolution
		SolutionGuid = {731545DC-32D1-4456-9460-609E8ED552E8}
	EndGlobalSection
EndGlobal
